
Microsoft Visual Studio Solution File, Format Version 12.00
# Visual Studio Version 17
VisualStudioVersion = 17.1.32328.378
MinimumVisualStudioVersion = 10.0.40219.1
Project("{9A19103F-16F7-4668-BE54-9A1E7A4F7556}") = "MyFirstApplication", "MyFirstApplication.csproj", "{91DFD3A7-43C6-4474-AD41-E5F8350A2151}"
EndProject
Project("{2150E333-8FDC-42A3-9474-1A3956D46DE8}") = "Solution Items", "Solution Items", "{E0C9B616-69E5-4583-970E-B9D69EC810C1}"
	ProjectSection(SolutionItems) = preProject
		..\README.md = ..\README.md
	EndProjectSection
EndProject
Project("{9A19103F-16F7-4668-BE54-9A1E7A4F7556}") = "CSharpBicycleProject", "..\..\csharp-bicycle-project\CSharpBicycleProject\CSharpBicycleProject.csproj", "{D73A8F0B-C153-4BC7-B88A-38D59EA7B4C7}"
EndProject
Project("{FAE04EC0-301F-11D3-BF4B-00C04F79EFBC}") = "MyFirstTestProject", "..\MyFirstTestProject\MyFirstTestProject.csproj", "{0B0CF695-044E-4AD2-AC80-EF6284FBF268}"
EndProject
Global
	GlobalSection(SolutionConfigurationPlatforms) = preSolution
		Debug|Any CPU = Debug|Any CPU
		Release|Any CPU = Release|Any CPU
	EndGlobalSection
	GlobalSection(ProjectConfigurationPlatforms) = postSolution
		{91DFD3A7-43C6-4474-AD41-E5F8350A2151}.Debug|Any CPU.ActiveCfg = Debug|Any CPU
		{91DFD3A7-43C6-4474-AD41-E5F8350A2151}.Debug|Any CPU.Build.0 = Debug|Any CPU
		{91DFD3A7-43C6-4474-AD41-E5F8350A2151}.Release|Any CPU.ActiveCfg = Release|Any CPU
		{91DFD3A7-43C6-4474-AD41-E5F8350A2151}.Release|Any CPU.Build.0 = Release|Any CPU
		{D73A8F0B-C153-4BC7-B88A-38D59EA7B4C7}.Debug|Any CPU.ActiveCfg = Debug|Any CPU
		{D73A8F0B-C153-4BC7-B88A-38D59EA7B4C7}.Debug|Any CPU.Build.0 = Debug|Any CPU
		{D73A8F0B-C153-4BC7-B88A-38D59EA7B4C7}.Release|Any CPU.ActiveCfg = Release|Any CPU
		{D73A8F0B-C153-4BC7-B88A-38D59EA7B4C7}.Release|Any CPU.Build.0 = Release|Any CPU
		{0B0CF695-044E-4AD2-AC80-EF6284FBF268}.Debug|Any CPU.ActiveCfg = Debug|Any CPU
		{0B0CF695-044E-4AD2-AC80-EF6284FBF268}.Debug|Any CPU.Build.0 = Debug|Any CPU
		{0B0CF695-044E-4AD2-AC80-EF6284FBF268}.Release|Any CPU.ActiveCfg = Release|Any CPU
		{0B0CF695-044E-4AD2-AC80-EF6284FBF268}.Release|Any CPU.Build.0 = Release|Any CPU
	EndGlobalSection
	GlobalSection(SolutionProperties) = preSolution
		HideSolutionNode = FALSE
	EndGlobalSection
	GlobalSection(ExtensibilityGlobals) = postSolution
		SolutionGuid = {E5FA8795-48BF-41C6-8921-304DAEE8888F}
	EndGlobalSection
EndGlobal
